
Microsoft Visual Studio Solution File, Format Version 12.00
# Visual Studio 15
VisualStudioVersion = 15.0.28307.489
MinimumVisualStudioVersion = 10.0.40219.1
Project("{9A19103F-16F7-4668-BE54-9A1E7A4F7556}") = "CodeConsole", "CodeConsole\CodeConsole.csproj", "{DD858B1A-E90B-4053-AB0C-0B618CC3DE8E}"
EndProject
Project("{9A19103F-16F7-4668-BE54-9A1E7A4F7556}") = "DuetAPIClient", "..\src\DuetAPIClient\DuetAPIClient.csproj", "{9443C951-723A-4E03-8FB5-8FE6A827D3AE}"
EndProject
Project("{9A19103F-16F7-4668-BE54-9A1E7A4F7556}") = "DuetAPI", "..\src\DuetAPI\DuetAPI.csproj", "{7F0DDF18-F7D4-4A89-9C1A-508347F04BCD}"
EndProject
Global
	GlobalSection(SolutionConfigurationPlatforms) = preSolution
		Debug|Any CPU = Debug|Any CPU
		Release|Any CPU = Release|Any CPU
	EndGlobalSection
	GlobalSection(ProjectConfigurationPlatforms) = postSolution
		{DD858B1A-E90B-4053-AB0C-0B618CC3DE8E}.Debug|Any CPU.ActiveCfg = Debug|Any CPU
		{DD858B1A-E90B-4053-AB0C-0B618CC3DE8E}.Debug|Any CPU.Build.0 = Debug|Any CPU
		{DD858B1A-E90B-4053-AB0C-0B618CC3DE8E}.Release|Any CPU.ActiveCfg = Release|Any CPU
		{DD858B1A-E90B-4053-AB0C-0B618CC3DE8E}.Release|Any CPU.Build.0 = Release|Any CPU
		{9443C951-723A-4E03-8FB5-8FE6A827D3AE}.Debug|Any CPU.ActiveCfg = Debug|Any CPU
		{9443C951-723A-4E03-8FB5-8FE6A827D3AE}.Debug|Any CPU.Build.0 = Debug|Any CPU
		{9443C951-723A-4E03-8FB5-8FE6A827D3AE}.Release|Any CPU.ActiveCfg = Release|Any CPU
		{9443C951-723A-4E03-8FB5-8FE6A827D3AE}.Release|Any CPU.Build.0 = Release|Any CPU
		{7F0DDF18-F7D4-4A89-9C1A-508347F04BCD}.Debug|Any CPU.ActiveCfg = Debug|Any CPU
		{7F0DDF18-F7D4-4A89-9C1A-508347F04BCD}.Debug|Any CPU.Build.0 = Debug|Any CPU
		{7F0DDF18-F7D4-4A89-9C1A-508347F04BCD}.Release|Any CPU.ActiveCfg = Release|Any CPU
		{7F0DDF18-F7D4-4A89-9C1A-508347F04BCD}.Release|Any CPU.Build.0 = Release|Any CPU
	EndGlobalSection
	GlobalSection(SolutionProperties) = preSolution
		HideSolutionNode = FALSE
	EndGlobalSection
	GlobalSection(ExtensibilityGlobals) = postSolution
		SolutionGuid = {AEE571AF-FEFD-4974-A87C-FA00CFD6A2BB}
	EndGlobalSection
EndGlobal
