
Microsoft Visual Studio Solution File, Format Version 12.00
# Visual Studio Version 16
VisualStudioVersion = 16.0.29123.88
MinimumVisualStudioVersion = 10.0.40219.1
Project("{9A19103F-16F7-4668-BE54-9A1E7A4F7556}") = "DuetAPI", "DuetAPI\DuetAPI.csproj", "{4F662FDB-5850-4996-A882-F3A7C119EA29}"
EndProject
Project("{9A19103F-16F7-4668-BE54-9A1E7A4F7556}") = "DuetControlServer", "DuetControlServer\DuetControlServer.csproj", "{B93964D5-D62A-4255-97FF-C150261DC84C}"
EndProject
Project("{9A19103F-16F7-4668-BE54-9A1E7A4F7556}") = "DuetWebServer", "DuetWebServer\DuetWebServer.csproj", "{9F8BB595-2FFB-4A1B-9069-D2916ABCD7E0}"
EndProject
Project("{9A19103F-16F7-4668-BE54-9A1E7A4F7556}") = "DuetAPIClient", "DuetAPIClient\DuetAPIClient.csproj", "{229CADA4-5980-4130-9079-06B4173B982C}"
EndProject
Project("{9A19103F-16F7-4668-BE54-9A1E7A4F7556}") = "LinuxApi", "LinuxApi\LinuxApi.csproj", "{E943A486-FC12-4D9C-8335-26C94AB96325}"
EndProject
Project("{9A19103F-16F7-4668-BE54-9A1E7A4F7556}") = "CodeLogger", "CodeLogger\CodeLogger.csproj", "{40C30CBB-53BF-47C5-8DCA-0468AB593E90}"
EndProject
Project("{9A19103F-16F7-4668-BE54-9A1E7A4F7556}") = "ModelObserver", "ModelObserver\ModelObserver.csproj", "{64F7F2E6-0DDF-4CBE-A7D3-3C39042475E2}"
EndProject
Project("{9A19103F-16F7-4668-BE54-9A1E7A4F7556}") = "CodeConsole", "CodeConsole\CodeConsole.csproj", "{3CC2C566-A9E3-46F4-8C84-E35FBB187454}"
EndProject
Project("{9A19103F-16F7-4668-BE54-9A1E7A4F7556}") = "UnitTests", "UnitTests\UnitTests.csproj", "{9C833AB3-9389-4F88-8E90-D6ECA3263CA0}"
EndProject
Project("{9A19103F-16F7-4668-BE54-9A1E7A4F7556}") = "CustomHttpEndpoint", "CustomHttpEndpoint\CustomHttpEndpoint.csproj", "{292E6D1C-4359-479A-B4F3-2DCAC25068A9}"
EndProject
Project("{9A19103F-16F7-4668-BE54-9A1E7A4F7556}") = "Documentation", "Documentation\Documentation.csproj", "{D257C593-D54F-4BB5-91AC-617643C0AEF7}"
EndProject
Project("{2150E333-8FDC-42A3-9474-1A3956D46DE8}") = "Solution Items", "Solution Items", "{D9770827-53C5-4FBA-B4F1-2950C7C411DA}"
	ProjectSection(SolutionItems) = preProject
		..\README.md = ..\README.md
		..\WHATS_NEW.md = ..\WHATS_NEW.md
	EndProjectSection
EndProject
Project("{9A19103F-16F7-4668-BE54-9A1E7A4F7556}") = "PluginManager", "PluginManager\PluginManager.csproj", "{BCC22B04-E9F6-4DD5-AA95-24F02C7AC311}"
EndProject
Project("{9A19103F-16F7-4668-BE54-9A1E7A4F7556}") = "DuetPluginService", "DuetPluginService\DuetPluginService.csproj", "{48B50A0D-61DF-4888-B376-6FD3BE714835}"
EndProject
Project("{9A19103F-16F7-4668-BE54-9A1E7A4F7556}") = "DuetPiManagementPlugin", "DuetPiManagementPlugin\DuetPiManagementPlugin.csproj", "{C43FF07D-1571-4661-9990-B87D6C021BF5}"
EndProject
Project("{FAE04EC0-301F-11D3-BF4B-00C04F79EFBC}") = "CodeStream", "CodeStream\CodeStream.csproj", "{7DFC5417-CFE4-4047-AF5D-A3B40DBDAB2C}"
EndProject
Global
	GlobalSection(SolutionConfigurationPlatforms) = preSolution
		Debug|Any CPU = Debug|Any CPU
		Release|Any CPU = Release|Any CPU
	EndGlobalSection
	GlobalSection(ProjectConfigurationPlatforms) = postSolution
		{4F662FDB-5850-4996-A882-F3A7C119EA29}.Debug|Any CPU.ActiveCfg = Debug|Any CPU
		{4F662FDB-5850-4996-A882-F3A7C119EA29}.Debug|Any CPU.Build.0 = Debug|Any CPU
		{4F662FDB-5850-4996-A882-F3A7C119EA29}.Release|Any CPU.ActiveCfg = Release|Any CPU
		{4F662FDB-5850-4996-A882-F3A7C119EA29}.Release|Any CPU.Build.0 = Release|Any CPU
		{B93964D5-D62A-4255-97FF-C150261DC84C}.Debug|Any CPU.ActiveCfg = Debug|Any CPU
		{B93964D5-D62A-4255-97FF-C150261DC84C}.Debug|Any CPU.Build.0 = Debug|Any CPU
		{B93964D5-D62A-4255-97FF-C150261DC84C}.Release|Any CPU.ActiveCfg = Release|Any CPU
		{B93964D5-D62A-4255-97FF-C150261DC84C}.Release|Any CPU.Build.0 = Release|Any CPU
		{9F8BB595-2FFB-4A1B-9069-D2916ABCD7E0}.Debug|Any CPU.ActiveCfg = Debug|Any CPU
		{9F8BB595-2FFB-4A1B-9069-D2916ABCD7E0}.Debug|Any CPU.Build.0 = Debug|Any CPU
		{9F8BB595-2FFB-4A1B-9069-D2916ABCD7E0}.Release|Any CPU.ActiveCfg = Release|Any CPU
		{9F8BB595-2FFB-4A1B-9069-D2916ABCD7E0}.Release|Any CPU.Build.0 = Release|Any CPU
		{229CADA4-5980-4130-9079-06B4173B982C}.Debug|Any CPU.ActiveCfg = Debug|Any CPU
		{229CADA4-5980-4130-9079-06B4173B982C}.Debug|Any CPU.Build.0 = Debug|Any CPU
		{229CADA4-5980-4130-9079-06B4173B982C}.Release|Any CPU.ActiveCfg = Release|Any CPU
		{229CADA4-5980-4130-9079-06B4173B982C}.Release|Any CPU.Build.0 = Release|Any CPU
		{E943A486-FC12-4D9C-8335-26C94AB96325}.Debug|Any CPU.ActiveCfg = Debug|Any CPU
		{E943A486-FC12-4D9C-8335-26C94AB96325}.Debug|Any CPU.Build.0 = Debug|Any CPU
		{E943A486-FC12-4D9C-8335-26C94AB96325}.Release|Any CPU.ActiveCfg = Release|Any CPU
		{E943A486-FC12-4D9C-8335-26C94AB96325}.Release|Any CPU.Build.0 = Release|Any CPU
		{40C30CBB-53BF-47C5-8DCA-0468AB593E90}.Debug|Any CPU.ActiveCfg = Debug|Any CPU
		{40C30CBB-53BF-47C5-8DCA-0468AB593E90}.Debug|Any CPU.Build.0 = Debug|Any CPU
		{40C30CBB-53BF-47C5-8DCA-0468AB593E90}.Release|Any CPU.ActiveCfg = Release|Any CPU
		{40C30CBB-53BF-47C5-8DCA-0468AB593E90}.Release|Any CPU.Build.0 = Release|Any CPU
		{64F7F2E6-0DDF-4CBE-A7D3-3C39042475E2}.Debug|Any CPU.ActiveCfg = Debug|Any CPU
		{64F7F2E6-0DDF-4CBE-A7D3-3C39042475E2}.Debug|Any CPU.Build.0 = Debug|Any CPU
		{64F7F2E6-0DDF-4CBE-A7D3-3C39042475E2}.Release|Any CPU.ActiveCfg = Release|Any CPU
		{64F7F2E6-0DDF-4CBE-A7D3-3C39042475E2}.Release|Any CPU.Build.0 = Release|Any CPU
		{3CC2C566-A9E3-46F4-8C84-E35FBB187454}.Debug|Any CPU.ActiveCfg = Debug|Any CPU
		{3CC2C566-A9E3-46F4-8C84-E35FBB187454}.Debug|Any CPU.Build.0 = Debug|Any CPU
		{3CC2C566-A9E3-46F4-8C84-E35FBB187454}.Release|Any CPU.ActiveCfg = Release|Any CPU
		{3CC2C566-A9E3-46F4-8C84-E35FBB187454}.Release|Any CPU.Build.0 = Release|Any CPU
		{9C833AB3-9389-4F88-8E90-D6ECA3263CA0}.Debug|Any CPU.ActiveCfg = Debug|Any CPU
		{9C833AB3-9389-4F88-8E90-D6ECA3263CA0}.Debug|Any CPU.Build.0 = Debug|Any CPU
		{9C833AB3-9389-4F88-8E90-D6ECA3263CA0}.Release|Any CPU.ActiveCfg = Release|Any CPU
		{9C833AB3-9389-4F88-8E90-D6ECA3263CA0}.Release|Any CPU.Build.0 = Release|Any CPU
		{292E6D1C-4359-479A-B4F3-2DCAC25068A9}.Debug|Any CPU.ActiveCfg = Debug|Any CPU
		{292E6D1C-4359-479A-B4F3-2DCAC25068A9}.Debug|Any CPU.Build.0 = Debug|Any CPU
		{292E6D1C-4359-479A-B4F3-2DCAC25068A9}.Release|Any CPU.ActiveCfg = Release|Any CPU
		{292E6D1C-4359-479A-B4F3-2DCAC25068A9}.Release|Any CPU.Build.0 = Release|Any CPU
		{D257C593-D54F-4BB5-91AC-617643C0AEF7}.Debug|Any CPU.ActiveCfg = Debug|Any CPU
		{D257C593-D54F-4BB5-91AC-617643C0AEF7}.Release|Any CPU.ActiveCfg = Release|Any CPU
		{D257C593-D54F-4BB5-91AC-617643C0AEF7}.Release|Any CPU.Build.0 = Release|Any CPU
		{BCC22B04-E9F6-4DD5-AA95-24F02C7AC311}.Debug|Any CPU.ActiveCfg = Debug|Any CPU
		{BCC22B04-E9F6-4DD5-AA95-24F02C7AC311}.Debug|Any CPU.Build.0 = Debug|Any CPU
		{BCC22B04-E9F6-4DD5-AA95-24F02C7AC311}.Release|Any CPU.ActiveCfg = Release|Any CPU
		{BCC22B04-E9F6-4DD5-AA95-24F02C7AC311}.Release|Any CPU.Build.0 = Release|Any CPU
		{48B50A0D-61DF-4888-B376-6FD3BE714835}.Debug|Any CPU.ActiveCfg = Debug|Any CPU
		{48B50A0D-61DF-4888-B376-6FD3BE714835}.Debug|Any CPU.Build.0 = Debug|Any CPU
		{48B50A0D-61DF-4888-B376-6FD3BE714835}.Release|Any CPU.ActiveCfg = Release|Any CPU
		{48B50A0D-61DF-4888-B376-6FD3BE714835}.Release|Any CPU.Build.0 = Release|Any CPU
		{C43FF07D-1571-4661-9990-B87D6C021BF5}.Debug|Any CPU.ActiveCfg = Debug|Any CPU
		{C43FF07D-1571-4661-9990-B87D6C021BF5}.Debug|Any CPU.Build.0 = Debug|Any CPU
		{C43FF07D-1571-4661-9990-B87D6C021BF5}.Release|Any CPU.ActiveCfg = Release|Any CPU
		{C43FF07D-1571-4661-9990-B87D6C021BF5}.Release|Any CPU.Build.0 = Release|Any CPU
		{7DFC5417-CFE4-4047-AF5D-A3B40DBDAB2C}.Debug|Any CPU.ActiveCfg = Debug|Any CPU
		{7DFC5417-CFE4-4047-AF5D-A3B40DBDAB2C}.Debug|Any CPU.Build.0 = Debug|Any CPU
		{7DFC5417-CFE4-4047-AF5D-A3B40DBDAB2C}.Release|Any CPU.ActiveCfg = Release|Any CPU
		{7DFC5417-CFE4-4047-AF5D-A3B40DBDAB2C}.Release|Any CPU.Build.0 = Release|Any CPU
	EndGlobalSection
	GlobalSection(SolutionProperties) = preSolution
		HideSolutionNode = FALSE
	EndGlobalSection
	GlobalSection(ExtensibilityGlobals) = postSolution
		SolutionGuid = {C67594E5-4631-437F-BCA2-A8511CD61519}
	EndGlobalSection
EndGlobal
